
Microsoft Visual Studio Solution File, Format Version 12.00
# Visual Studio Version 17
VisualStudioVersion = 17.2.32519.379
MinimumVisualStudioVersion = 10.0.40219.1
Project("{FAE04EC0-301F-11D3-BF4B-00C04F79EFBC}") = "UIDesign_EventView", "UIDesign_EventView.csproj", "{A71642D1-EF21-426B-871D-26714BB3CEC9}"
EndProject
Global
	GlobalSection(SolutionConfigurationPlatforms) = preSolution
		Debug|Any CPU = Debug|Any CPU
		Release|Any CPU = Release|Any CPU
	EndGlobalSection
	GlobalSection(ProjectConfigurationPlatforms) = postSolution
		{A71642D1-EF21-426B-871D-26714BB3CEC9}.Debug|Any CPU.ActiveCfg = Debug|Any CPU
		{A71642D1-EF21-426B-871D-26714BB3CEC9}.Debug|Any CPU.Build.0 = Debug|Any CPU
		{A71642D1-EF21-426B-871D-26714BB3CEC9}.Release|Any CPU.ActiveCfg = Release|Any CPU
		{A71642D1-EF21-426B-871D-26714BB3CEC9}.Release|Any CPU.Build.0 = Release|Any CPU
	EndGlobalSection
	GlobalSection(SolutionProperties) = preSolution
		HideSolutionNode = FALSE
	EndGlobalSection
	GlobalSection(ExtensibilityGlobals) = postSolution
		SolutionGuid = {BCA7E441-20C9-4C7C-990A-DB9C0EA9800B}
	EndGlobalSection
EndGlobal
