
Microsoft Visual Studio Solution File, Format Version 12.00
# Visual Studio Version 17
VisualStudioVersion = 17.2.32519.379
MinimumVisualStudioVersion = 10.0.40219.1
Project("{FAE04EC0-301F-11D3-BF4B-00C04F79EFBC}") = "UIDesign_EventSearch", "UIDesign_EventSearch.csproj", "{7C878DE3-7C08-4284-81DC-79300AAFA114}"
EndProject
Global
	GlobalSection(SolutionConfigurationPlatforms) = preSolution
		Debug|Any CPU = Debug|Any CPU
		Release|Any CPU = Release|Any CPU
	EndGlobalSection
	GlobalSection(ProjectConfigurationPlatforms) = postSolution
		{7C878DE3-7C08-4284-81DC-79300AAFA114}.Debug|Any CPU.ActiveCfg = Debug|Any CPU
		{7C878DE3-7C08-4284-81DC-79300AAFA114}.Debug|Any CPU.Build.0 = Debug|Any CPU
		{7C878DE3-7C08-4284-81DC-79300AAFA114}.Release|Any CPU.ActiveCfg = Release|Any CPU
		{7C878DE3-7C08-4284-81DC-79300AAFA114}.Release|Any CPU.Build.0 = Release|Any CPU
	EndGlobalSection
	GlobalSection(SolutionProperties) = preSolution
		HideSolutionNode = FALSE
	EndGlobalSection
	GlobalSection(ExtensibilityGlobals) = postSolution
		SolutionGuid = {0D6FE76F-8851-456C-8083-3E90D67A0DBE}
	EndGlobalSection
EndGlobal
